
Microsoft Visual Studio Solution File, Format Version 12.00
# Visual Studio 15
VisualStudioVersion = 15.0.27703.2042
MinimumVisualStudioVersion = 10.0.40219.1
Project("{FAE04EC0-301F-11D3-BF4B-00C04F79EFBC}") = "FinalProject", "FinalProject\FinalProject.csproj", "{4D31D996-BF6E-440D-8C2C-601DC7F1260A}"
EndProject
Global
	GlobalSection(SolutionConfigurationPlatforms) = preSolution
		Debug|Any CPU = Debug|Any CPU
		Release|Any CPU = Release|Any CPU
	EndGlobalSection
	GlobalSection(ProjectConfigurationPlatforms) = postSolution
		{4D31D996-BF6E-440D-8C2C-601DC7F1260A}.Debug|Any CPU.ActiveCfg = Debug|Any CPU
		{4D31D996-BF6E-440D-8C2C-601DC7F1260A}.Debug|Any CPU.Build.0 = Debug|Any CPU
		{4D31D996-BF6E-440D-8C2C-601DC7F1260A}.Release|Any CPU.ActiveCfg = Release|Any CPU
		{4D31D996-BF6E-440D-8C2C-601DC7F1260A}.Release|Any CPU.Build.0 = Release|Any CPU
	EndGlobalSection
	GlobalSection(SolutionProperties) = preSolution
		HideSolutionNode = FALSE
	EndGlobalSection
	GlobalSection(ExtensibilityGlobals) = postSolution
		SolutionGuid = {33D8CD20-1B97-4480-AF6B-7E87EC6731EC}
	EndGlobalSection
EndGlobal
